
Microsoft Visual Studio Solution File, Format Version 12.00
# Visual Studio Version 16
VisualStudioVersion = 16.0.30717.126
MinimumVisualStudioVersion = 10.0.40219.1
Project("{9A19103F-16F7-4668-BE54-9A1E7A4F7556}") = "Cinema", "Cinema\Cinema.csproj", "{3503DEF8-F3B9-40C7-9186-A28979139B4A}"
EndProject
Global
	GlobalSection(SolutionConfigurationPlatforms) = preSolution
		Debug|Any CPU = Debug|Any CPU
		Release|Any CPU = Release|Any CPU
	EndGlobalSection
	GlobalSection(ProjectConfigurationPlatforms) = postSolution
		{3503DEF8-F3B9-40C7-9186-A28979139B4A}.Debug|Any CPU.ActiveCfg = Debug|Any CPU
		{3503DEF8-F3B9-40C7-9186-A28979139B4A}.Debug|Any CPU.Build.0 = Debug|Any CPU
		{3503DEF8-F3B9-40C7-9186-A28979139B4A}.Release|Any CPU.ActiveCfg = Release|Any CPU
		{3503DEF8-F3B9-40C7-9186-A28979139B4A}.Release|Any CPU.Build.0 = Release|Any CPU
	EndGlobalSection
	GlobalSection(SolutionProperties) = preSolution
		HideSolutionNode = FALSE
	EndGlobalSection
	GlobalSection(ExtensibilityGlobals) = postSolution
		SolutionGuid = {70EEDCF1-4707-4D15-B23A-B91A6C6E26E5}
	EndGlobalSection
EndGlobal
